
Microsoft Visual Studio Solution File, Format Version 12.00
# Visual Studio Version 17
VisualStudioVersion = 17.5.002.0
MinimumVisualStudioVersion = 10.0.40219.1
Project("{9A19103F-16F7-4668-BE54-9A1E7A4F7556}") = "MyAdminApp", "MyAdminApp.csproj", "{BE66CFCD-B0B2-42D4-BB08-5AC1710008BE}"
EndProject
Global
	GlobalSection(SolutionConfigurationPlatforms) = preSolution
		Debug|Any CPU = Debug|Any CPU
		Release|Any CPU = Release|Any CPU
	EndGlobalSection
	GlobalSection(ProjectConfigurationPlatforms) = postSolution
		{BE66CFCD-B0B2-42D4-BB08-5AC1710008BE}.Debug|Any CPU.ActiveCfg = Debug|Any CPU
		{BE66CFCD-B0B2-42D4-BB08-5AC1710008BE}.Debug|Any CPU.Build.0 = Debug|Any CPU
		{BE66CFCD-B0B2-42D4-BB08-5AC1710008BE}.Release|Any CPU.ActiveCfg = Release|Any CPU
		{BE66CFCD-B0B2-42D4-BB08-5AC1710008BE}.Release|Any CPU.Build.0 = Release|Any CPU
	EndGlobalSection
	GlobalSection(SolutionProperties) = preSolution
		HideSolutionNode = FALSE
	EndGlobalSection
	GlobalSection(ExtensibilityGlobals) = postSolution
		SolutionGuid = {36E08036-1A43-406E-BA6D-5A61DF82D407}
	EndGlobalSection
EndGlobal
